
Microsoft Visual Studio Solution File, Format Version 11.00
# Visual Studio 2010
Project("{FAE04EC0-301F-11D3-BF4B-00C04F79EFBC}") = "Metropaper", "Metropaper\Metropaper.csproj", "{4F315331-A397-4BEE-AD6C-A74701C77D61}"
EndProject
Project("{FAE04EC0-301F-11D3-BF4B-00C04F79EFBC}") = "InstapaperAPI", "InstapaperAPI\InstapaperAPI.csproj", "{DB1B9D38-9BEF-432E-A8B0-4AB17DB67715}"
EndProject
Project("{FAE04EC0-301F-11D3-BF4B-00C04F79EFBC}") = "RestSharp.WindowsPhone.Mango", "RestSharp\RestSharp.WindowsPhone.Mango\RestSharp.WindowsPhone.Mango.csproj", "{71647E33-714F-4975-8368-71B075045272}"
EndProject
Project("{FAE04EC0-301F-11D3-BF4B-00C04F79EFBC}") = "Krempel.WP7.Core", "Krempel.WP7\Krempel.WP7.Core\Krempel.WP7.Core.csproj", "{A4771628-1D6A-45D6-B1DC-360D6B1C78DA}"
EndProject
Global
	GlobalSection(SolutionConfigurationPlatforms) = preSolution
		Debug|Any CPU = Debug|Any CPU
		Release|Any CPU = Release|Any CPU
		ReleaseAzure|Any CPU = ReleaseAzure|Any CPU
	EndGlobalSection
	GlobalSection(ProjectConfigurationPlatforms) = postSolution
		{4F315331-A397-4BEE-AD6C-A74701C77D61}.Debug|Any CPU.ActiveCfg = Debug|Any CPU
		{4F315331-A397-4BEE-AD6C-A74701C77D61}.Debug|Any CPU.Build.0 = Debug|Any CPU
		{4F315331-A397-4BEE-AD6C-A74701C77D61}.Debug|Any CPU.Deploy.0 = Debug|Any CPU
		{4F315331-A397-4BEE-AD6C-A74701C77D61}.Release|Any CPU.ActiveCfg = Release|Any CPU
		{4F315331-A397-4BEE-AD6C-A74701C77D61}.Release|Any CPU.Build.0 = Release|Any CPU
		{4F315331-A397-4BEE-AD6C-A74701C77D61}.Release|Any CPU.Deploy.0 = Release|Any CPU
		{4F315331-A397-4BEE-AD6C-A74701C77D61}.ReleaseAzure|Any CPU.ActiveCfg = Release|Any CPU
		{4F315331-A397-4BEE-AD6C-A74701C77D61}.ReleaseAzure|Any CPU.Build.0 = Release|Any CPU
		{4F315331-A397-4BEE-AD6C-A74701C77D61}.ReleaseAzure|Any CPU.Deploy.0 = Release|Any CPU
		{DB1B9D38-9BEF-432E-A8B0-4AB17DB67715}.Debug|Any CPU.ActiveCfg = Debug|Any CPU
		{DB1B9D38-9BEF-432E-A8B0-4AB17DB67715}.Debug|Any CPU.Build.0 = Debug|Any CPU
		{DB1B9D38-9BEF-432E-A8B0-4AB17DB67715}.Release|Any CPU.ActiveCfg = Release|Any CPU
		{DB1B9D38-9BEF-432E-A8B0-4AB17DB67715}.Release|Any CPU.Build.0 = Release|Any CPU
		{DB1B9D38-9BEF-432E-A8B0-4AB17DB67715}.ReleaseAzure|Any CPU.ActiveCfg = Release|Any CPU
		{DB1B9D38-9BEF-432E-A8B0-4AB17DB67715}.ReleaseAzure|Any CPU.Build.0 = Release|Any CPU
		{71647E33-714F-4975-8368-71B075045272}.Debug|Any CPU.ActiveCfg = Debug|Any CPU
		{71647E33-714F-4975-8368-71B075045272}.Debug|Any CPU.Build.0 = Debug|Any CPU
		{71647E33-714F-4975-8368-71B075045272}.Release|Any CPU.ActiveCfg = Release|Any CPU
		{71647E33-714F-4975-8368-71B075045272}.Release|Any CPU.Build.0 = Release|Any CPU
		{71647E33-714F-4975-8368-71B075045272}.ReleaseAzure|Any CPU.ActiveCfg = Release|Any CPU
		{71647E33-714F-4975-8368-71B075045272}.ReleaseAzure|Any CPU.Build.0 = Release|Any CPU
		{A4771628-1D6A-45D6-B1DC-360D6B1C78DA}.Debug|Any CPU.ActiveCfg = Debug|Any CPU
		{A4771628-1D6A-45D6-B1DC-360D6B1C78DA}.Debug|Any CPU.Build.0 = Debug|Any CPU
		{A4771628-1D6A-45D6-B1DC-360D6B1C78DA}.Release|Any CPU.ActiveCfg = Release|Any CPU
		{A4771628-1D6A-45D6-B1DC-360D6B1C78DA}.Release|Any CPU.Build.0 = Release|Any CPU
		{A4771628-1D6A-45D6-B1DC-360D6B1C78DA}.ReleaseAzure|Any CPU.ActiveCfg = ReleaseAzure|Any CPU
		{A4771628-1D6A-45D6-B1DC-360D6B1C78DA}.ReleaseAzure|Any CPU.Build.0 = ReleaseAzure|Any CPU
	EndGlobalSection
	GlobalSection(SolutionProperties) = preSolution
		HideSolutionNode = FALSE
	EndGlobalSection
EndGlobal
